
Microsoft Visual Studio Solution File, Format Version 12.00
Project("{FAE04EC0-301F-11D3-BF4B-00C04F79EFBC}") = "ConsoleApp1", "ConsoleApp1\ConsoleApp1.csproj", "{6FC6F756-5A15-411A-9353-8C623C7A7021}"
EndProject
Project("{FAE04EC0-301F-11D3-BF4B-00C04F79EFBC}") = "ConsoleApp2", "ConsoleApp2\ConsoleApp2.csproj", "{FADA27B2-7A68-4E06-B3D1-E100A09D0502}"
EndProject
Project("{FAE04EC0-301F-11D3-BF4B-00C04F79EFBC}") = "ConsoleApp3", "ConsoleApp3\ConsoleApp3.csproj", "{E0228D39-1059-4739-A4F7-2CB18E70A78B}"
EndProject
Project("{FAE04EC0-301F-11D3-BF4B-00C04F79EFBC}") = "ConsoleApp4", "ConsoleApp4\ConsoleApp4.csproj", "{CBB54AB6-3A9D-4C6A-9D01-8CFD41BA62EE}"
EndProject
Global
	GlobalSection(SolutionConfigurationPlatforms) = preSolution
		Debug|Any CPU = Debug|Any CPU
		Release|Any CPU = Release|Any CPU
	EndGlobalSection
	GlobalSection(ProjectConfigurationPlatforms) = postSolution
		{6FC6F756-5A15-411A-9353-8C623C7A7021}.Debug|Any CPU.ActiveCfg = Debug|Any CPU
		{6FC6F756-5A15-411A-9353-8C623C7A7021}.Debug|Any CPU.Build.0 = Debug|Any CPU
		{6FC6F756-5A15-411A-9353-8C623C7A7021}.Release|Any CPU.ActiveCfg = Release|Any CPU
		{6FC6F756-5A15-411A-9353-8C623C7A7021}.Release|Any CPU.Build.0 = Release|Any CPU
		{FADA27B2-7A68-4E06-B3D1-E100A09D0502}.Debug|Any CPU.ActiveCfg = Debug|Any CPU
		{FADA27B2-7A68-4E06-B3D1-E100A09D0502}.Debug|Any CPU.Build.0 = Debug|Any CPU
		{FADA27B2-7A68-4E06-B3D1-E100A09D0502}.Release|Any CPU.ActiveCfg = Release|Any CPU
		{FADA27B2-7A68-4E06-B3D1-E100A09D0502}.Release|Any CPU.Build.0 = Release|Any CPU
		{E0228D39-1059-4739-A4F7-2CB18E70A78B}.Debug|Any CPU.ActiveCfg = Debug|Any CPU
		{E0228D39-1059-4739-A4F7-2CB18E70A78B}.Debug|Any CPU.Build.0 = Debug|Any CPU
		{E0228D39-1059-4739-A4F7-2CB18E70A78B}.Release|Any CPU.ActiveCfg = Release|Any CPU
		{E0228D39-1059-4739-A4F7-2CB18E70A78B}.Release|Any CPU.Build.0 = Release|Any CPU
		{CBB54AB6-3A9D-4C6A-9D01-8CFD41BA62EE}.Debug|Any CPU.ActiveCfg = Debug|Any CPU
		{CBB54AB6-3A9D-4C6A-9D01-8CFD41BA62EE}.Debug|Any CPU.Build.0 = Debug|Any CPU
		{CBB54AB6-3A9D-4C6A-9D01-8CFD41BA62EE}.Release|Any CPU.ActiveCfg = Release|Any CPU
		{CBB54AB6-3A9D-4C6A-9D01-8CFD41BA62EE}.Release|Any CPU.Build.0 = Release|Any CPU
	EndGlobalSection
EndGlobal
