
Microsoft Visual Studio Solution File, Format Version 12.00
Project("{FAE04EC0-301F-11D3-BF4B-00C04F79EFBC}") = "Matrix", "Matrix\Matrix.csproj", "{F74C1919-6872-41C8-A27F-F2EBB37CC16C}"
EndProject
Project("{FAE04EC0-301F-11D3-BF4B-00C04F79EFBC}") = "Polynomial", "Polynomial\Polynomial.csproj", "{BF947953-586A-4A4A-BF4D-A0AF23BB7547}"
EndProject
Project("{FAE04EC0-301F-11D3-BF4B-00C04F79EFBC}") = "Test", "Test\Test.csproj", "{5D5797EC-2535-4212-9A08-D1CEFBFC0481}"
EndProject
Global
	GlobalSection(SolutionConfigurationPlatforms) = preSolution
		Debug|Any CPU = Debug|Any CPU
		Release|Any CPU = Release|Any CPU
	EndGlobalSection
	GlobalSection(ProjectConfigurationPlatforms) = postSolution
		{F74C1919-6872-41C8-A27F-F2EBB37CC16C}.Debug|Any CPU.ActiveCfg = Debug|Any CPU
		{F74C1919-6872-41C8-A27F-F2EBB37CC16C}.Debug|Any CPU.Build.0 = Debug|Any CPU
		{F74C1919-6872-41C8-A27F-F2EBB37CC16C}.Release|Any CPU.ActiveCfg = Release|Any CPU
		{F74C1919-6872-41C8-A27F-F2EBB37CC16C}.Release|Any CPU.Build.0 = Release|Any CPU
		{BF947953-586A-4A4A-BF4D-A0AF23BB7547}.Debug|Any CPU.ActiveCfg = Debug|Any CPU
		{BF947953-586A-4A4A-BF4D-A0AF23BB7547}.Debug|Any CPU.Build.0 = Debug|Any CPU
		{BF947953-586A-4A4A-BF4D-A0AF23BB7547}.Release|Any CPU.ActiveCfg = Release|Any CPU
		{BF947953-586A-4A4A-BF4D-A0AF23BB7547}.Release|Any CPU.Build.0 = Release|Any CPU
		{5D5797EC-2535-4212-9A08-D1CEFBFC0481}.Debug|Any CPU.ActiveCfg = Debug|Any CPU
		{5D5797EC-2535-4212-9A08-D1CEFBFC0481}.Debug|Any CPU.Build.0 = Debug|Any CPU
		{5D5797EC-2535-4212-9A08-D1CEFBFC0481}.Release|Any CPU.ActiveCfg = Release|Any CPU
		{5D5797EC-2535-4212-9A08-D1CEFBFC0481}.Release|Any CPU.Build.0 = Release|Any CPU
	EndGlobalSection
EndGlobal
